
Microsoft Visual Studio Solution File, Format Version 12.00
# Visual Studio Version 16
VisualStudioVersion = 16.0.31025.194
MinimumVisualStudioVersion = 10.0.40219.1
Project("{FAE04EC0-301F-11D3-BF4B-00C04F79EFBC}") = "NTP-Odev1-NazlıTopcu-203801058", "NTP-Odev1-NazlıTopcu-203801058\NTP-Odev1-NazlıTopcu-203801058.csproj", "{33C0049C-8023-4C39-B7A5-9B4B4C0175E3}"
EndProject
Global
	GlobalSection(SolutionConfigurationPlatforms) = preSolution
		Debug|Any CPU = Debug|Any CPU
		Release|Any CPU = Release|Any CPU
	EndGlobalSection
	GlobalSection(ProjectConfigurationPlatforms) = postSolution
		{33C0049C-8023-4C39-B7A5-9B4B4C0175E3}.Debug|Any CPU.ActiveCfg = Debug|Any CPU
		{33C0049C-8023-4C39-B7A5-9B4B4C0175E3}.Debug|Any CPU.Build.0 = Debug|Any CPU
		{33C0049C-8023-4C39-B7A5-9B4B4C0175E3}.Release|Any CPU.ActiveCfg = Release|Any CPU
		{33C0049C-8023-4C39-B7A5-9B4B4C0175E3}.Release|Any CPU.Build.0 = Release|Any CPU
	EndGlobalSection
	GlobalSection(SolutionProperties) = preSolution
		HideSolutionNode = FALSE
	EndGlobalSection
	GlobalSection(ExtensibilityGlobals) = postSolution
		SolutionGuid = {DE07F2F4-1582-406D-B7EB-5ED4B0A12052}
	EndGlobalSection
EndGlobal
